
Microsoft Visual Studio Solution File, Format Version 12.00
# Visual Studio Version 16
VisualStudioVersion = 16.0.30114.105
MinimumVisualStudioVersion = 10.0.40219.1
Project("{FAE04EC0-301F-11D3-BF4B-00C04F79EFBC}") = "StudentPoll", "StudentPoll.csproj", "{5E987236-FB22-421E-8E9D-791E94056D65}"
EndProject
Global
	GlobalSection(SolutionConfigurationPlatforms) = preSolution
		Debug|Any CPU = Debug|Any CPU
		Release|Any CPU = Release|Any CPU
	EndGlobalSection
	GlobalSection(ProjectConfigurationPlatforms) = postSolution
		{5E987236-FB22-421E-8E9D-791E94056D65}.Debug|Any CPU.ActiveCfg = Debug|Any CPU
		{5E987236-FB22-421E-8E9D-791E94056D65}.Debug|Any CPU.Build.0 = Debug|Any CPU
		{5E987236-FB22-421E-8E9D-791E94056D65}.Release|Any CPU.ActiveCfg = Release|Any CPU
		{5E987236-FB22-421E-8E9D-791E94056D65}.Release|Any CPU.Build.0 = Release|Any CPU
	EndGlobalSection
	GlobalSection(SolutionProperties) = preSolution
		HideSolutionNode = FALSE
	EndGlobalSection
	GlobalSection(ExtensibilityGlobals) = postSolution
		SolutionGuid = {983FDCE5-D15B-4F44-BAEC-F5E2B96F3794}
	EndGlobalSection
EndGlobal
